// !$*UTF8*$!
{
	archiveVersion = 1;
	classes = {
	};
	objectVersion = 51;
	objects = {

/* Begin PBXBuildFile section */
		05CEE5394FAC3DD954F105FA /* Pods_ExampleAlamofire.framework in Frameworks */ = {isa = PBXBuildFile; fileRef = 73B9B267C1DDF4D5D916A645 /* Pods_ExampleAlamofire.framework */; };
		903CD58F236A1BAA001D0758 /* ProgrammingReturn.swift in Sources */ = {isa = PBXBuildFile; fileRef = 903CD58E236A1BAA001D0758 /* ProgrammingReturn.swift */; };
		906263CF23671F740045B671 /* API.swift in Sources */ = {isa = PBXBuildFile; fileRef = 906263CE23671F740045B671 /* API.swift */; };
		906263D1236720140045B671 /* LanguagesAPI.swift in Sources */ = {isa = PBXBuildFile; fileRef = 906263D0236720140045B671 /* LanguagesAPI.swift */; };
		906263D4236754300045B671 /* Constants.swift in Sources */ = {isa = PBXBuildFile; fileRef = 906263D3236754300045B671 /* Constants.swift */; };
		90E81EBD23632B620044CD70 /* AppDelegate.swift in Sources */ = {isa = PBXBuildFile; fileRef = 90E81EBC23632B620044CD70 /* AppDelegate.swift */; };
		90E81EBF23632B620044CD70 /* SceneDelegate.swift in Sources */ = {isa = PBXBuildFile; fileRef = 90E81EBE23632B620044CD70 /* SceneDelegate.swift */; };
		90E81EC123632B620044CD70 /* ViewController.swift in Sources */ = {isa = PBXBuildFile; fileRef = 90E81EC023632B620044CD70 /* ViewController.swift */; };
		90E81EC423632B620044CD70 /* Main.storyboard in Resources */ = {isa = PBXBuildFile; fileRef = 90E81EC223632B620044CD70 /* Main.storyboard */; };
		90E81EC723632B620044CD70 /* ExampleAlamofire.xcdatamodeld in Sources */ = {isa = PBXBuildFile; fileRef = 90E81EC523632B620044CD70 /* ExampleAlamofire.xcdatamodeld */; };
		90E81EC923632B640044CD70 /* Assets.xcassets in Resources */ = {isa = PBXBuildFile; fileRef = 90E81EC823632B640044CD70 /* Assets.xcassets */; };
		90E81ECC23632B640044CD70 /* LaunchScreen.storyboard in Resources */ = {isa = PBXBuildFile; fileRef = 90E81ECA23632B640044CD70 /* LaunchScreen.storyboard */; };
		90E81ED7236362780044CD70 /* ProgrammingLanguages.swift in Sources */ = {isa = PBXBuildFile; fileRef = 90E81ED6236362780044CD70 /* ProgrammingLanguages.swift */; };
/* End PBXBuildFile section */

/* Begin PBXFileReference section */
		2D368C7E48C8FDB49A0BEC35 /* Pods-ExampleAlamofire.debug.xcconfig */ = {isa = PBXFileReference; includeInIndex = 1; lastKnownFileType = text.xcconfig; name = "Pods-ExampleAlamofire.debug.xcconfig"; path = "Target Support Files/Pods-ExampleAlamofire/Pods-ExampleAlamofire.debug.xcconfig"; sourceTree = "<group>"; };
		4E6FCAFD03B68BBF07AC48B2 /* Pods-ExampleAlamofire.release.xcconfig */ = {isa = PBXFileReference; includeInIndex = 1; lastKnownFileType = text.xcconfig; name = "Pods-ExampleAlamofire.release.xcconfig"; path = "Target Support Files/Pods-ExampleAlamofire/Pods-ExampleAlamofire.release.xcconfig"; sourceTree = "<group>"; };
		73B9B267C1DDF4D5D916A645 /* Pods_ExampleAlamofire.framework */ = {isa = PBXFileReference; explicitFileType = wrapper.framework; includeInIndex = 0; path = Pods_ExampleAlamofire.framework; sourceTree = BUILT_PRODUCTS_DIR; };
		903CD58E236A1BAA001D0758 /* ProgrammingReturn.swift */ = {isa = PBXFileReference; lastKnownFileType = sourcecode.swift; path = ProgrammingReturn.swift; sourceTree = "<group>"; };
		906263CE23671F740045B671 /* API.swift */ = {isa = PBXFileReference; lastKnownFileType = sourcecode.swift; path = API.swift; sourceTree = "<group>"; };
		906263D0236720140045B671 /* LanguagesAPI.swift */ = {isa = PBXFileReference; lastKnownFileType = sourcecode.swift; path = LanguagesAPI.swift; sourceTree = "<group>"; };
		906263D3236754300045B671 /* Constants.swift */ = {isa = PBXFileReference; lastKnownFileType = sourcecode.swift; path = Constants.swift; sourceTree = "<group>"; };
		90E81EB923632B620044CD70 /* ExampleAlamofire.app */ = {isa = PBXFileReference; explicitFileType = wrapper.application; includeInIndex = 0; path = ExampleAlamofire.app; sourceTree = BUILT_PRODUCTS_DIR; };
		90E81EBC23632B620044CD70 /* AppDelegate.swift */ = {isa = PBXFileReference; lastKnownFileType = sourcecode.swift; path = AppDelegate.swift; sourceTree = "<group>"; };
		90E81EBE23632B620044CD70 /* SceneDelegate.swift */ = {isa = PBXFileReference; lastKnownFileType = sourcecode.swift; path = SceneDelegate.swift; sourceTree = "<group>"; };
		90E81EC023632B620044CD70 /* ViewController.swift */ = {isa = PBXFileReference; lastKnownFileType = sourcecode.swift; path = ViewController.swift; sourceTree = "<group>"; };
		90E81EC323632B620044CD70 /* Base */ = {isa = PBXFileReference; lastKnownFileType = file.storyboard; name = Base; path = Base.lproj/Main.storyboard; sourceTree = "<group>"; };
		90E81EC623632B620044CD70 /* ExampleAlamofire.xcdatamodel */ = {isa = PBXFileReference; lastKnownFileType = wrapper.xcdatamodel; path = ExampleAlamofire.xcdatamodel; sourceTree = "<group>"; };
		90E81EC823632B640044CD70 /* Assets.xcassets */ = {isa = PBXFileReference; lastKnownFileType = folder.assetcatalog; path = Assets.xcassets; sourceTree = "<group>"; };
		90E81ECB23632B640044CD70 /* Base */ = {isa = PBXFileReference; lastKnownFileType = file.storyboard; name = Base; path = Base.lproj/LaunchScreen.storyboard; sourceTree = "<group>"; };
		90E81ECD23632B640044CD70 /* Info.plist */ = {isa = PBXFileReference; lastKnownFileType = text.plist.xml; path = Info.plist; sourceTree = "<group>"; };
		90E81ED6236362780044CD70 /* ProgrammingLanguages.swift */ = {isa = PBXFileReference; lastKnownFileType = sourcecode.swift; path = ProgrammingLanguages.swift; sourceTree = "<group>"; };
/* End PBXFileReference section */

/* Begin PBXFrameworksBuildPhase section */
		90E81EB623632B620044CD70 /* Frameworks */ = {
			isa = PBXFrameworksBuildPhase;
			buildActionMask = 2147483647;
			files = (
				05CEE5394FAC3DD954F105FA /* Pods_ExampleAlamofire.framework in Frameworks */,
			);
			runOnlyForDeploymentPostprocessing = 0;
		};
/* End PBXFrameworksBuildPhase section */

/* Begin PBXGroup section */
		22634B4F81A12D1E3E16DDD0 /* Pods */ = {
			isa = PBXGroup;
			children = (
				2D368C7E48C8FDB49A0BEC35 /* Pods-ExampleAlamofire.debug.xcconfig */,
				4E6FCAFD03B68BBF07AC48B2 /* Pods-ExampleAlamofire.release.xcconfig */,
			);
			path = Pods;
			sourceTree = "<group>";
		};
		39BE0F27369C296DDEA7E2B6 /* Frameworks */ = {
			isa = PBXGroup;
			children = (
				73B9B267C1DDF4D5D916A645 /* Pods_ExampleAlamofire.framework */,
			);
			name = Frameworks;
			sourceTree = "<group>";
		};
		906263D223672CDB0045B671 /* services */ = {
			isa = PBXGroup;
			children = (
				906263D0236720140045B671 /* LanguagesAPI.swift */,
				906263CE23671F740045B671 /* API.swift */,
			);
			path = services;
			sourceTree = "<group>";
		};
		90E81EB023632B620044CD70 = {
			isa = PBXGroup;
			children = (
				90E81EBB23632B620044CD70 /* ExampleAlamofire */,
				90E81EBA23632B620044CD70 /* Products */,
				22634B4F81A12D1E3E16DDD0 /* Pods */,
				39BE0F27369C296DDEA7E2B6 /* Frameworks */,
			);
			sourceTree = "<group>";
		};
		90E81EBA23632B620044CD70 /* Products */ = {
			isa = PBXGroup;
			children = (
				90E81EB923632B620044CD70 /* ExampleAlamofire.app */,
			);
			name = Products;
			sourceTree = "<group>";
		};
		90E81EBB23632B620044CD70 /* ExampleAlamofire */ = {
			isa = PBXGroup;
			children = (
				906263D223672CDB0045B671 /* services */,
				90E81ED5236360760044CD70 /* controller */,
				90E81ED42363606F0044CD70 /* view */,
				90E81ED3236360680044CD70 /* model */,
				90E81EC823632B640044CD70 /* Assets.xcassets */,
				90E81ECD23632B640044CD70 /* Info.plist */,
				90E81EC523632B620044CD70 /* ExampleAlamofire.xcdatamodeld */,
				906263D3236754300045B671 /* Constants.swift */,
			);
			path = ExampleAlamofire;
			sourceTree = "<group>";
		};
		90E81ED3236360680044CD70 /* model */ = {
			isa = PBXGroup;
			children = (
				90E81ED6236362780044CD70 /* ProgrammingLanguages.swift */,
				903CD58E236A1BAA001D0758 /* ProgrammingReturn.swift */,
			);
			path = model;
			sourceTree = "<group>";
		};
		90E81ED42363606F0044CD70 /* view */ = {
			isa = PBXGroup;
			children = (
				90E81EC223632B620044CD70 /* Main.storyboard */,
				90E81ECA23632B640044CD70 /* LaunchScreen.storyboard */,
			);
			path = view;
			sourceTree = "<group>";
		};
		90E81ED5236360760044CD70 /* controller */ = {
			isa = PBXGroup;
			children = (
				90E81EBC23632B620044CD70 /* AppDelegate.swift */,
				90E81EBE23632B620044CD70 /* SceneDelegate.swift */,
				90E81EC023632B620044CD70 /* ViewController.swift */,
			);
			path = controller;
			sourceTree = "<group>";
		};
/* End PBXGroup section */

/* Begin PBXNativeTarget section */
		90E81EB823632B620044CD70 /* ExampleAlamofire */ = {
			isa = PBXNativeTarget;
			buildConfigurationList = 90E81ED023632B640044CD70 /* Build configuration list for PBXNativeTarget "ExampleAlamofire" */;
			buildPhases = (
				39C60E263DB0D679C5A8A073 /* [CP] Check Pods Manifest.lock */,
				90E81EB523632B620044CD70 /* Sources */,
				90E81EB623632B620044CD70 /* Frameworks */,
				90E81EB723632B620044CD70 /* Resources */,
				8478943FD1C5BB71FD9E277D /* [CP] Embed Pods Frameworks */,
			);
			buildRules = (
			);
			dependencies = (
			);
			name = ExampleAlamofire;
			productName = ExampleAlamofire;
			productReference = 90E81EB923632B620044CD70 /* ExampleAlamofire.app */;
			productType = "com.apple.product-type.application";
		};
/* End PBXNativeTarget section */

/* Begin PBXProject section */
		90E81EB123632B620044CD70 /* Project object */ = {
			isa = PBXProject;
			attributes = {
				LastSwiftUpdateCheck = 1100;
				LastUpgradeCheck = 1100;
				ORGANIZATIONNAME = "Pedro Moura";
				TargetAttributes = {
					90E81EB823632B620044CD70 = {
						CreatedOnToolsVersion = 11.0;
					};
				};
			};
			buildConfigurationList = 90E81EB423632B620044CD70 /* Build configuration list for PBXProject "ExampleAlamofire" */;
			compatibilityVersion = "Xcode 9.3";
			developmentRegion = en;
			hasScannedForEncodings = 0;
			knownRegions = (
				en,
				Base,
			);
			mainGroup = 90E81EB023632B620044CD70;
			productRefGroup = 90E81EBA23632B620044CD70 /* Products */;
			projectDirPath = "";
			projectRoot = "";
			targets = (
				90E81EB823632B620044CD70 /* ExampleAlamofire */,
			);
		};
/* End PBXProject section */

/* Begin PBXResourcesBuildPhase section */
		90E81EB723632B620044CD70 /* Resources */ = {
			isa = PBXResourcesBuildPhase;
			buildActionMask = 2147483647;
			files = (
				90E81ECC23632B640044CD70 /* LaunchScreen.storyboard in Resources */,
				90E81EC923632B640044CD70 /* Assets.xcassets in Resources */,
				90E81EC423632B620044CD70 /* Main.storyboard in Resources */,
			);
			runOnlyForDeploymentPostprocessing = 0;
		};
/* End PBXResourcesBuildPhase section */

/* Begin PBXShellScriptBuildPhase section */
		39C60E263DB0D679C5A8A073 /* [CP] Check Pods Manifest.lock */ = {
			isa = PBXShellScriptBuildPhase;
			buildActionMask = 2147483647;
			files = (
			);
			inputFileListPaths = (
			);
			inputPaths = (
				"${PODS_PODFILE_DIR_PATH}/Podfile.lock",
				"${PODS_ROOT}/Manifest.lock",
			);
			name = "[CP] Check Pods Manifest.lock";
			outputFileListPaths = (
			);
			outputPaths = (
				"$(DERIVED_FILE_DIR)/Pods-ExampleAlamofire-checkManifestLockResult.txt",
			);
			runOnlyForDeploymentPostprocessing = 0;
			shellPath = /bin/sh;
			shellScript = "diff \"${PODS_PODFILE_DIR_PATH}/Podfile.lock\" \"${PODS_ROOT}/Manifest.lock\" > /dev/null\nif [ $? != 0 ] ; then\n    # print error to STDERR\n    echo \"error: The sandbox is not in sync with the Podfile.lock. Run 'pod install' or update your CocoaPods installation.\" >&2\n    exit 1\nfi\n# This output is used by Xcode 'outputs' to avoid re-running this script phase.\necho \"SUCCESS\" > \"${SCRIPT_OUTPUT_FILE_0}\"\n";
			showEnvVarsInLog = 0;
		};
		8478943FD1C5BB71FD9E277D /* [CP] Embed Pods Frameworks */ = {
			isa = PBXShellScriptBuildPhase;
			buildActionMask = 2147483647;
			files = (
			);
			inputFileListPaths = (
				"${PODS_ROOT}/Target Support Files/Pods-ExampleAlamofire/Pods-ExampleAlamofire-frameworks-${CONFIGURATION}-input-files.xcfilelist",
			);
			name = "[CP] Embed Pods Frameworks";
			outputFileListPaths = (
				"${PODS_ROOT}/Target Support Files/Pods-ExampleAlamofire/Pods-ExampleAlamofire-frameworks-${CONFIGURATION}-output-files.xcfilelist",
			);
			runOnlyForDeploymentPostprocessing = 0;
			shellPath = /bin/sh;
			shellScript = "\"${PODS_ROOT}/Target Support Files/Pods-ExampleAlamofire/Pods-ExampleAlamofire-frameworks.sh\"\n";
			showEnvVarsInLog = 0;
		};
/* End PBXShellScriptBuildPhase section */

/* Begin PBXSourcesBuildPhase section */
		90E81EB523632B620044CD70 /* Sources */ = {
			isa = PBXSourcesBuildPhase;
			buildActionMask = 2147483647;
			files = (
				90E81EC123632B620044CD70 /* ViewController.swift in Sources */,
				90E81ED7236362780044CD70 /* ProgrammingLanguages.swift in Sources */,
				90E81EC723632B620044CD70 /* ExampleAlamofire.xcdatamodeld in Sources */,
				903CD58F236A1BAA001D0758 /* ProgrammingReturn.swift in Sources */,
				906263D4236754300045B671 /* Constants.swift in Sources */,
				90E81EBD23632B620044CD70 /* AppDelegate.swift in Sources */,
				906263D1236720140045B671 /* LanguagesAPI.swift in Sources */,
				906263CF23671F740045B671 /* API.swift in Sources */,
				90E81EBF23632B620044CD70 /* SceneDelegate.swift in Sources */,
			);
			runOnlyForDeploymentPostprocessing = 0;
		};
/* End PBXSourcesBuildPhase section */

/* Begin PBXVariantGroup section */
		90E81EC223632B620044CD70 /* Main.storyboard */ = {
			isa = PBXVariantGroup;
			children = (
				90E81EC323632B620044CD70 /* Base */,
			);
			name = Main.storyboard;
			sourceTree = "<group>";
		};
		90E81ECA23632B640044CD70 /* LaunchScreen.storyboard */ = {
			isa = PBXVariantGroup;
			children = (
				90E81ECB23632B640044CD70 /* Base */,
			);
			name = LaunchScreen.storyboard;
			sourceTree = "<group>";
		};
/* End PBXVariantGroup section */

/* Begin XCBuildConfiguration section */
		90E81ECE23632B640044CD70 /* Debug */ = {
			isa = XCBuildConfiguration;
			buildSettings = {
				ALWAYS_SEARCH_USER_PATHS = NO;
				CLANG_ANALYZER_NONNULL = YES;
				CLANG_ANALYZER_NUMBER_OBJECT_CONVERSION = YES_AGGRESSIVE;
				CLANG_CXX_LANGUAGE_STANDARD = "gnu++14";
				CLANG_CXX_LIBRARY = "libc++";
				CLANG_ENABLE_MODULES = YES;
				CLANG_ENABLE_OBJC_ARC = YES;
				CLANG_ENABLE_OBJC_WEAK = YES;
				CLANG_WARN_BLOCK_CAPTURE_AUTORELEASING = YES;
				CLANG_WARN_BOOL_CONVERSION = YES;
				CLANG_WARN_COMMA = YES;
				CLANG_WARN_CONSTANT_CONVERSION = YES;
				CLANG_WARN_DEPRECATED_OBJC_IMPLEMENTATIONS = YES;
				CLANG_WARN_DIRECT_OBJC_ISA_USAGE = YES_ERROR;
				CLANG_WARN_DOCUMENTATION_COMMENTS = YES;
				CLANG_WARN_EMPTY_BODY = YES;
				CLANG_WARN_ENUM_CONVERSION = YES;
				CLANG_WARN_INFINITE_RECURSION = YES;
				CLANG_WARN_INT_CONVERSION = YES;
				CLANG_WARN_NON_LITERAL_NULL_CONVERSION = YES;
				CLANG_WARN_OBJC_IMPLICIT_RETAIN_SELF = YES;
				CLANG_WARN_OBJC_LITERAL_CONVERSION = YES;
				CLANG_WARN_OBJC_ROOT_CLASS = YES_ERROR;
				CLANG_WARN_RANGE_LOOP_ANALYSIS = YES;
				CLANG_WARN_STRICT_PROTOTYPES = YES;
				CLANG_WARN_SUSPICIOUS_MOVE = YES;
				CLANG_WARN_UNGUARDED_AVAILABILITY = YES_AGGRESSIVE;
				CLANG_WARN_UNREACHABLE_CODE = YES;
				CLANG_WARN__DUPLICATE_METHOD_MATCH = YES;
				COPY_PHASE_STRIP = NO;
				DEBUG_INFORMATION_FORMAT = dwarf;
				ENABLE_STRICT_OBJC_MSGSEND = YES;
				ENABLE_TESTABILITY = YES;
				GCC_C_LANGUAGE_STANDARD = gnu11;
				GCC_DYNAMIC_NO_PIC = NO;
				GCC_NO_COMMON_BLOCKS = YES;
				GCC_OPTIMIZATION_LEVEL = 0;
				GCC_PREPROCESSOR_DEFINITIONS = (
					"DEBUG=1",
					"$(inherited)",
				);
				GCC_WARN_64_TO_32_BIT_CONVERSION = YES;
				GCC_WARN_ABOUT_RETURN_TYPE = YES_ERROR;
				GCC_WARN_UNDECLARED_SELECTOR = YES;
				GCC_WARN_UNINITIALIZED_AUTOS = YES_AGGRESSIVE;
				GCC_WARN_UNUSED_FUNCTION = YES;
				GCC_WARN_UNUSED_VARIABLE = YES;
				IPHONEOS_DEPLOYMENT_TARGET = 13.0;
				MTL_ENABLE_DEBUG_INFO = INCLUDE_SOURCE;
				MTL_FAST_MATH = YES;
				ONLY_ACTIVE_ARCH = YES;
				SDKROOT = iphoneos;
				SWIFT_ACTIVE_COMPILATION_CONDITIONS = DEBUG;
				SWIFT_OPTIMIZATION_LEVEL = "-Onone";
			};
			name = Debug;
		};
		90E81ECF23632B640044CD70 /* Release */ = {
			isa = XCBuildConfiguration;
			buildSettings = {
				ALWAYS_SEARCH_USER_PATHS = NO;
				CLANG_ANALYZER_NONNULL = YES;
				CLANG_ANALYZER_NUMBER_OBJECT_CONVERSION = YES_AGGRESSIVE;
				CLANG_CXX_LANGUAGE_STANDARD = "gnu++14";
				CLANG_CXX_LIBRARY = "libc++";
				CLANG_ENABLE_MODULES = YES;
				CLANG_ENABLE_OBJC_ARC = YES;
				CLANG_ENABLE_OBJC_WEAK = YES;
				CLANG_WARN_BLOCK_CAPTURE_AUTORELEASING = YES;
				CLANG_WARN_BOOL_CONVERSION = YES;
				CLANG_WARN_COMMA = YES;
				CLANG_WARN_CONSTANT_CONVERSION = YES;
				CLANG_WARN_DEPRECATED_OBJC_IMPLEMENTATIONS = YES;
				CLANG_WARN_DIRECT_OBJC_ISA_USAGE = YES_ERROR;
				CLANG_WARN_DOCUMENTATION_COMMENTS = YES;
				CLANG_WARN_EMPTY_BODY = YES;
				CLANG_WARN_ENUM_CONVERSION = YES;
				CLANG_WARN_INFINITE_RECURSION = YES;
				CLANG_WARN_INT_CONVERSION = YES;
				CLANG_WARN_NON_LITERAL_NULL_CONVERSION = YES;
				CLANG_WARN_OBJC_IMPLICIT_RETAIN_SELF = YES;
				CLANG_WARN_OBJC_LITERAL_CONVERSION = YES;
				CLANG_WARN_OBJC_ROOT_CLASS = YES_ERROR;
				CLANG_WARN_RANGE_LOOP_ANALYSIS = YES;
				CLANG_WARN_STRICT_PROTOTYPES = YES;
				CLANG_WARN_SUSPICIOUS_MOVE = YES;
				CLANG_WARN_UNGUARDED_AVAILABILITY = YES_AGGRESSIVE;
				CLANG_WARN_UNREACHABLE_CODE = YES;
				CLANG_WARN__DUPLICATE_METHOD_MATCH = YES;
				COPY_PHASE_STRIP = NO;
				DEBUG_INFORMATION_FORMAT = "dwarf-with-dsym";
				ENABLE_NS_ASSERTIONS = NO;
				ENABLE_STRICT_OBJC_MSGSEND = YES;
				GCC_C_LANGUAGE_STANDARD = gnu11;
				GCC_NO_COMMON_BLOCKS = YES;
				GCC_WARN_64_TO_32_BIT_CONVERSION = YES;
				GCC_WARN_ABOUT_RETURN_TYPE = YES_ERROR;
				GCC_WARN_UNDECLARED_SELECTOR = YES;
				GCC_WARN_UNINITIALIZED_AUTOS = YES_AGGRESSIVE;
				GCC_WARN_UNUSED_FUNCTION = YES;
				GCC_WARN_UNUSED_VARIABLE = YES;
				IPHONEOS_DEPLOYMENT_TARGET = 13.0;
				MTL_ENABLE_DEBUG_INFO = NO;
				MTL_FAST_MATH = YES;
				SDKROOT = iphoneos;
				SWIFT_COMPILATION_MODE = wholemodule;
				SWIFT_OPTIMIZATION_LEVEL = "-O";
				VALIDATE_PRODUCT = YES;
			};
			name = Release;
		};
		90E81ED123632B640044CD70 /* Debug */ = {
			isa = XCBuildConfiguration;
			baseConfigurationReference = 2D368C7E48C8FDB49A0BEC35 /* Pods-ExampleAlamofire.debug.xcconfig */;
			buildSettings = {
				ASSETCATALOG_COMPILER_APPICON_NAME = AppIcon;
				CODE_SIGN_STYLE = Automatic;
				INFOPLIST_FILE = ExampleAlamofire/Info.plist;
				LD_RUNPATH_SEARCH_PATHS = (
					"$(inherited)",
					"@executable_path/Frameworks",
				);
				PRODUCT_BUNDLE_IDENTIFIER = br.com.pedrohenriquemoura.ExampleAlamofire;
				PRODUCT_NAME = "$(TARGET_NAME)";
				SWIFT_VERSION = 5.0;
				TARGETED_DEVICE_FAMILY = "1,2";
			};
			name = Debug;
		};
		90E81ED223632B640044CD70 /* Release */ = {
			isa = XCBuildConfiguration;
			baseConfigurationReference = 4E6FCAFD03B68BBF07AC48B2 /* Pods-ExampleAlamofire.release.xcconfig */;
			buildSettings = {
				ASSETCATALOG_COMPILER_APPICON_NAME = AppIcon;
				CODE_SIGN_STYLE = Automatic;
				INFOPLIST_FILE = ExampleAlamofire/Info.plist;
				LD_RUNPATH_SEARCH_PATHS = (
					"$(inherited)",
					"@executable_path/Frameworks",
				);
				PRODUCT_BUNDLE_IDENTIFIER = br.com.pedrohenriquemoura.ExampleAlamofire;
				PRODUCT_NAME = "$(TARGET_NAME)";
				SWIFT_VERSION = 5.0;
				TARGETED_DEVICE_FAMILY = "1,2";
			};
			name = Release;
		};
/* End XCBuildConfiguration section */

/* Begin XCConfigurationList section */
		90E81EB423632B620044CD70 /* Build configuration list for PBXProject "ExampleAlamofire" */ = {
			isa = XCConfigurationList;
			buildConfigurations = (
				90E81ECE23632B640044CD70 /* Debug */,
				90E81ECF23632B640044CD70 /* Release */,
			);
			defaultConfigurationIsVisible = 0;
			defaultConfigurationName = Release;
		};
		90E81ED023632B640044CD70 /* Build configuration list for PBXNativeTarget "ExampleAlamofire" */ = {
			isa = XCConfigurationList;
			buildConfigurations = (
				90E81ED123632B640044CD70 /* Debug */,
				90E81ED223632B640044CD70 /* Release */,
			);
			defaultConfigurationIsVisible = 0;
			defaultConfigurationName = Release;
		};
/* End XCConfigurationList section */

/* Begin XCVersionGroup section */
		90E81EC523632B620044CD70 /* ExampleAlamofire.xcdatamodeld */ = {
			isa = XCVersionGroup;
			children = (
				90E81EC623632B620044CD70 /* ExampleAlamofire.xcdatamodel */,
			);
			currentVersion = 90E81EC623632B620044CD70 /* ExampleAlamofire.xcdatamodel */;
			path = ExampleAlamofire.xcdatamodeld;
			sourceTree = "<group>";
			versionGroupType = wrapper.xcdatamodel;
		};
/* End XCVersionGroup section */
	};
	rootObject = 90E81EB123632B620044CD70 /* Project object */;
}
